// !$*UTF8*$!
{
	archiveVersion = 1;
	classes = {
	};
	objectVersion = 46;
	objects = {

/* Begin PBXBuildFile section */
		972DA0E51C73037B0067F255 /* main.swift in Sources */ = {isa = PBXBuildFile; fileRef = 972DA0E41C73037B0067F255 /* main.swift */; };
		972DA0F21C7304570067F255 /* swisptests.swift in Sources */ = {isa = PBXBuildFile; fileRef = 972DA0F11C7304570067F255 /* swisptests.swift */; };
		972DA0F81C73056C0067F255 /* Token.swift in Sources */ = {isa = PBXBuildFile; fileRef = 972DA0F71C73056C0067F255 /* Token.swift */; };
		972DA0F91C7307C00067F255 /* Token.swift in Sources */ = {isa = PBXBuildFile; fileRef = 972DA0F71C73056C0067F255 /* Token.swift */; };
		972DA0FB1C740BF60067F255 /* Parse.swift in Sources */ = {isa = PBXBuildFile; fileRef = 972DA0FA1C740BF60067F255 /* Parse.swift */; };
		972DA0FC1C740BF60067F255 /* Parse.swift in Sources */ = {isa = PBXBuildFile; fileRef = 972DA0FA1C740BF60067F255 /* Parse.swift */; };
		972DA0FE1C74278B0067F255 /* util.swift in Sources */ = {isa = PBXBuildFile; fileRef = 972DA0FD1C74278B0067F255 /* util.swift */; };
		972DA0FF1C74278B0067F255 /* util.swift in Sources */ = {isa = PBXBuildFile; fileRef = 972DA0FD1C74278B0067F255 /* util.swift */; };
		972DA1011C743DC20067F255 /* Error.swift in Sources */ = {isa = PBXBuildFile; fileRef = 972DA1001C743DC20067F255 /* Error.swift */; };
		972DA1021C743DC20067F255 /* Error.swift in Sources */ = {isa = PBXBuildFile; fileRef = 972DA1001C743DC20067F255 /* Error.swift */; };
		972DA1041C74488B0067F255 /* Environment.swift in Sources */ = {isa = PBXBuildFile; fileRef = 972DA1031C74488B0067F255 /* Environment.swift */; };
		972DA1051C74488B0067F255 /* Environment.swift in Sources */ = {isa = PBXBuildFile; fileRef = 972DA1031C74488B0067F255 /* Environment.swift */; };
		972DA1071C759E240067F255 /* math.swift in Sources */ = {isa = PBXBuildFile; fileRef = 972DA1061C759E240067F255 /* math.swift */; };
		972DA1081C759E240067F255 /* math.swift in Sources */ = {isa = PBXBuildFile; fileRef = 972DA1061C759E240067F255 /* math.swift */; };
		9749736C1C76B57D00E47B3D /* helpers.swift in Sources */ = {isa = PBXBuildFile; fileRef = 9749736B1C76B57D00E47B3D /* helpers.swift */; };
		9749736D1C76B57D00E47B3D /* helpers.swift in Sources */ = {isa = PBXBuildFile; fileRef = 9749736B1C76B57D00E47B3D /* helpers.swift */; };
/* End PBXBuildFile section */

/* Begin PBXCopyFilesBuildPhase section */
		972DA0DF1C73037B0067F255 /* CopyFiles */ = {
			isa = PBXCopyFilesBuildPhase;
			buildActionMask = 2147483647;
			dstPath = /usr/share/man/man1/;
			dstSubfolderSpec = 0;
			files = (
			);
			runOnlyForDeploymentPostprocessing = 1;
		};
/* End PBXCopyFilesBuildPhase section */

/* Begin PBXFileReference section */
		972DA0E11C73037B0067F255 /* swisp */ = {isa = PBXFileReference; explicitFileType = "compiled.mach-o.executable"; includeInIndex = 0; path = swisp; sourceTree = BUILT_PRODUCTS_DIR; };
		972DA0E41C73037B0067F255 /* main.swift */ = {isa = PBXFileReference; lastKnownFileType = sourcecode.swift; path = main.swift; sourceTree = "<group>"; };
		972DA0EF1C7304570067F255 /* swisptests.xctest */ = {isa = PBXFileReference; explicitFileType = wrapper.cfbundle; includeInIndex = 0; path = swisptests.xctest; sourceTree = BUILT_PRODUCTS_DIR; };
		972DA0F11C7304570067F255 /* swisptests.swift */ = {isa = PBXFileReference; lastKnownFileType = sourcecode.swift; path = swisptests.swift; sourceTree = "<group>"; };
		972DA0F31C7304570067F255 /* Info.plist */ = {isa = PBXFileReference; lastKnownFileType = text.plist.xml; path = Info.plist; sourceTree = "<group>"; };
		972DA0F71C73056C0067F255 /* Token.swift */ = {isa = PBXFileReference; fileEncoding = 4; lastKnownFileType = sourcecode.swift; path = Token.swift; sourceTree = "<group>"; };
		972DA0FA1C740BF60067F255 /* Parse.swift */ = {isa = PBXFileReference; fileEncoding = 4; lastKnownFileType = sourcecode.swift; path = Parse.swift; sourceTree = "<group>"; };
		972DA0FD1C74278B0067F255 /* util.swift */ = {isa = PBXFileReference; fileEncoding = 4; lastKnownFileType = sourcecode.swift; path = util.swift; sourceTree = "<group>"; };
		972DA1001C743DC20067F255 /* Error.swift */ = {isa = PBXFileReference; fileEncoding = 4; lastKnownFileType = sourcecode.swift; path = Error.swift; sourceTree = "<group>"; };
		972DA1031C74488B0067F255 /* Environment.swift */ = {isa = PBXFileReference; fileEncoding = 4; lastKnownFileType = sourcecode.swift; path = Environment.swift; sourceTree = "<group>"; };
		972DA1061C759E240067F255 /* math.swift */ = {isa = PBXFileReference; fileEncoding = 4; lastKnownFileType = sourcecode.swift; path = math.swift; sourceTree = "<group>"; };
		9749736B1C76B57D00E47B3D /* helpers.swift */ = {isa = PBXFileReference; fileEncoding = 4; lastKnownFileType = sourcecode.swift; path = helpers.swift; sourceTree = "<group>"; };
/* End PBXFileReference section */

/* Begin PBXFrameworksBuildPhase section */
		972DA0DE1C73037B0067F255 /* Frameworks */ = {
			isa = PBXFrameworksBuildPhase;
			buildActionMask = 2147483647;
			files = (
			);
			runOnlyForDeploymentPostprocessing = 0;
		};
		972DA0EC1C7304570067F255 /* Frameworks */ = {
			isa = PBXFrameworksBuildPhase;
			buildActionMask = 2147483647;
			files = (
			);
			runOnlyForDeploymentPostprocessing = 0;
		};
/* End PBXFrameworksBuildPhase section */

/* Begin PBXGroup section */
		972DA0D81C73037B0067F255 = {
			isa = PBXGroup;
			children = (
				972DA0E31C73037B0067F255 /* swisp */,
				972DA0F01C7304570067F255 /* swisptests */,
				972DA0E21C73037B0067F255 /* Products */,
			);
			sourceTree = "<group>";
		};
		972DA0E21C73037B0067F255 /* Products */ = {
			isa = PBXGroup;
			children = (
				972DA0E11C73037B0067F255 /* swisp */,
				972DA0EF1C7304570067F255 /* swisptests.xctest */,
			);
			name = Products;
			sourceTree = "<group>";
		};
		972DA0E31C73037B0067F255 /* swisp */ = {
			isa = PBXGroup;
			children = (
				972DA0E41C73037B0067F255 /* main.swift */,
				972DA0F71C73056C0067F255 /* Token.swift */,
				972DA0FA1C740BF60067F255 /* Parse.swift */,
				972DA0FD1C74278B0067F255 /* util.swift */,
				972DA1001C743DC20067F255 /* Error.swift */,
				972DA1031C74488B0067F255 /* Environment.swift */,
				974973681C76B44600E47B3D /* functions */,
			);
			path = swisp;
			sourceTree = "<group>";
		};
		972DA0F01C7304570067F255 /* swisptests */ = {
			isa = PBXGroup;
			children = (
				972DA0F11C7304570067F255 /* swisptests.swift */,
				972DA0F31C7304570067F255 /* Info.plist */,
			);
			path = swisptests;
			sourceTree = "<group>";
		};
		974973681C76B44600E47B3D /* functions */ = {
			isa = PBXGroup;
			children = (
				972DA1061C759E240067F255 /* math.swift */,
				9749736B1C76B57D00E47B3D /* helpers.swift */,
			);
			name = functions;
			sourceTree = "<group>";
		};
/* End PBXGroup section */

/* Begin PBXNativeTarget section */
		972DA0E01C73037B0067F255 /* swisp */ = {
			isa = PBXNativeTarget;
			buildConfigurationList = 972DA0E81C73037B0067F255 /* Build configuration list for PBXNativeTarget "swisp" */;
			buildPhases = (
				972DA0DD1C73037B0067F255 /* Sources */,
				972DA0DE1C73037B0067F255 /* Frameworks */,
				972DA0DF1C73037B0067F255 /* CopyFiles */,
			);
			buildRules = (
			);
			dependencies = (
			);
			name = swisp;
			productName = swisp;
			productReference = 972DA0E11C73037B0067F255 /* swisp */;
			productType = "com.apple.product-type.tool";
		};
		972DA0EE1C7304570067F255 /* swisptests */ = {
			isa = PBXNativeTarget;
			buildConfigurationList = 972DA0F41C7304570067F255 /* Build configuration list for PBXNativeTarget "swisptests" */;
			buildPhases = (
				972DA0EB1C7304570067F255 /* Sources */,
				972DA0EC1C7304570067F255 /* Frameworks */,
				972DA0ED1C7304570067F255 /* Resources */,
			);
			buildRules = (
			);
			dependencies = (
			);
			name = swisptests;
			productName = swisptests;
			productReference = 972DA0EF1C7304570067F255 /* swisptests.xctest */;
			productType = "com.apple.product-type.bundle.unit-test";
		};
/* End PBXNativeTarget section */

/* Begin PBXProject section */
		972DA0D91C73037B0067F255 /* Project object */ = {
			isa = PBXProject;
			attributes = {
				LastSwiftUpdateCheck = 0720;
				LastUpgradeCheck = 0720;
				ORGANIZATIONNAME = "Bradley Compton";
				TargetAttributes = {
					972DA0E01C73037B0067F255 = {
						CreatedOnToolsVersion = 7.2.1;
					};
					972DA0EE1C7304570067F255 = {
						CreatedOnToolsVersion = 7.2.1;
					};
				};
			};
			buildConfigurationList = 972DA0DC1C73037B0067F255 /* Build configuration list for PBXProject "swisp" */;
			compatibilityVersion = "Xcode 3.2";
			developmentRegion = English;
			hasScannedForEncodings = 0;
			knownRegions = (
				en,
			);
			mainGroup = 972DA0D81C73037B0067F255;
			productRefGroup = 972DA0E21C73037B0067F255 /* Products */;
			projectDirPath = "";
			projectRoot = "";
			targets = (
				972DA0E01C73037B0067F255 /* swisp */,
				972DA0EE1C7304570067F255 /* swisptests */,
			);
		};
/* End PBXProject section */

/* Begin PBXResourcesBuildPhase section */
		972DA0ED1C7304570067F255 /* Resources */ = {
			isa = PBXResourcesBuildPhase;
			buildActionMask = 2147483647;
			files = (
			);
			runOnlyForDeploymentPostprocessing = 0;
		};
/* End PBXResourcesBuildPhase section */

/* Begin PBXSourcesBuildPhase section */
		972DA0DD1C73037B0067F255 /* Sources */ = {
			isa = PBXSourcesBuildPhase;
			buildActionMask = 2147483647;
			files = (
				972DA0E51C73037B0067F255 /* main.swift in Sources */,
				972DA1041C74488B0067F255 /* Environment.swift in Sources */,
				972DA1071C759E240067F255 /* math.swift in Sources */,
				9749736C1C76B57D00E47B3D /* helpers.swift in Sources */,
				972DA0FB1C740BF60067F255 /* Parse.swift in Sources */,
				972DA0F81C73056C0067F255 /* Token.swift in Sources */,
				972DA1011C743DC20067F255 /* Error.swift in Sources */,
				972DA0FE1C74278B0067F255 /* util.swift in Sources */,
			);
			runOnlyForDeploymentPostprocessing = 0;
		};
		972DA0EB1C7304570067F255 /* Sources */ = {
			isa = PBXSourcesBuildPhase;
			buildActionMask = 2147483647;
			files = (
				972DA0F21C7304570067F255 /* swisptests.swift in Sources */,
				972DA1051C74488B0067F255 /* Environment.swift in Sources */,
				972DA1081C759E240067F255 /* math.swift in Sources */,
				9749736D1C76B57D00E47B3D /* helpers.swift in Sources */,
				972DA0FC1C740BF60067F255 /* Parse.swift in Sources */,
				972DA0F91C7307C00067F255 /* Token.swift in Sources */,
				972DA1021C743DC20067F255 /* Error.swift in Sources */,
				972DA0FF1C74278B0067F255 /* util.swift in Sources */,
			);
			runOnlyForDeploymentPostprocessing = 0;
		};
/* End PBXSourcesBuildPhase section */

/* Begin XCBuildConfiguration section */
		972DA0E61C73037B0067F255 /* Debug */ = {
			isa = XCBuildConfiguration;
			buildSettings = {
				ALWAYS_SEARCH_USER_PATHS = NO;
				CLANG_CXX_LANGUAGE_STANDARD = "gnu++0x";
				CLANG_CXX_LIBRARY = "libc++";
				CLANG_ENABLE_MODULES = YES;
				CLANG_ENABLE_OBJC_ARC = YES;
				CLANG_WARN_BOOL_CONVERSION = YES;
				CLANG_WARN_CONSTANT_CONVERSION = YES;
				CLANG_WARN_DIRECT_OBJC_ISA_USAGE = YES_ERROR;
				CLANG_WARN_EMPTY_BODY = YES;
				CLANG_WARN_ENUM_CONVERSION = YES;
				CLANG_WARN_INT_CONVERSION = YES;
				CLANG_WARN_OBJC_ROOT_CLASS = YES_ERROR;
				CLANG_WARN_UNREACHABLE_CODE = YES;
				CLANG_WARN__DUPLICATE_METHOD_MATCH = YES;
				CODE_SIGN_IDENTITY = "-";
				COPY_PHASE_STRIP = NO;
				DEBUG_INFORMATION_FORMAT = dwarf;
				ENABLE_STRICT_OBJC_MSGSEND = YES;
				ENABLE_TESTABILITY = YES;
				GCC_C_LANGUAGE_STANDARD = gnu99;
				GCC_DYNAMIC_NO_PIC = NO;
				GCC_NO_COMMON_BLOCKS = YES;
				GCC_OPTIMIZATION_LEVEL = 0;
				GCC_PREPROCESSOR_DEFINITIONS = (
					"DEBUG=1",
					"$(inherited)",
				);
				GCC_WARN_64_TO_32_BIT_CONVERSION = YES;
				GCC_WARN_ABOUT_RETURN_TYPE = YES_ERROR;
				GCC_WARN_UNDECLARED_SELECTOR = YES;
				GCC_WARN_UNINITIALIZED_AUTOS = YES_AGGRESSIVE;
				GCC_WARN_UNUSED_FUNCTION = YES;
				GCC_WARN_UNUSED_VARIABLE = YES;
				MACOSX_DEPLOYMENT_TARGET = 10.11;
				MTL_ENABLE_DEBUG_INFO = YES;
				ONLY_ACTIVE_ARCH = YES;
				SDKROOT = macosx;
				SWIFT_OPTIMIZATION_LEVEL = "-Onone";
			};
			name = Debug;
		};
		972DA0E71C73037B0067F255 /* Release */ = {
			isa = XCBuildConfiguration;
			buildSettings = {
				ALWAYS_SEARCH_USER_PATHS = NO;
				CLANG_CXX_LANGUAGE_STANDARD = "gnu++0x";
				CLANG_CXX_LIBRARY = "libc++";
				CLANG_ENABLE_MODULES = YES;
				CLANG_ENABLE_OBJC_ARC = YES;
				CLANG_WARN_BOOL_CONVERSION = YES;
				CLANG_WARN_CONSTANT_CONVERSION = YES;
				CLANG_WARN_DIRECT_OBJC_ISA_USAGE = YES_ERROR;
				CLANG_WARN_EMPTY_BODY = YES;
				CLANG_WARN_ENUM_CONVERSION = YES;
				CLANG_WARN_INT_CONVERSION = YES;
				CLANG_WARN_OBJC_ROOT_CLASS = YES_ERROR;
				CLANG_WARN_UNREACHABLE_CODE = YES;
				CLANG_WARN__DUPLICATE_METHOD_MATCH = YES;
				CODE_SIGN_IDENTITY = "-";
				COPY_PHASE_STRIP = NO;
				DEBUG_INFORMATION_FORMAT = "dwarf-with-dsym";
				ENABLE_NS_ASSERTIONS = NO;
				ENABLE_STRICT_OBJC_MSGSEND = YES;
				GCC_C_LANGUAGE_STANDARD = gnu99;
				GCC_NO_COMMON_BLOCKS = YES;
				GCC_WARN_64_TO_32_BIT_CONVERSION = YES;
				GCC_WARN_ABOUT_RETURN_TYPE = YES_ERROR;
				GCC_WARN_UNDECLARED_SELECTOR = YES;
				GCC_WARN_UNINITIALIZED_AUTOS = YES_AGGRESSIVE;
				GCC_WARN_UNUSED_FUNCTION = YES;
				GCC_WARN_UNUSED_VARIABLE = YES;
				MACOSX_DEPLOYMENT_TARGET = 10.11;
				MTL_ENABLE_DEBUG_INFO = NO;
				SDKROOT = macosx;
			};
			name = Release;
		};
		972DA0E91C73037B0067F255 /* Debug */ = {
			isa = XCBuildConfiguration;
			buildSettings = {
				PRODUCT_NAME = "$(TARGET_NAME)";
			};
			name = Debug;
		};
		972DA0EA1C73037B0067F255 /* Release */ = {
			isa = XCBuildConfiguration;
			buildSettings = {
				PRODUCT_NAME = "$(TARGET_NAME)";
			};
			name = Release;
		};
		972DA0F51C7304570067F255 /* Debug */ = {
			isa = XCBuildConfiguration;
			buildSettings = {
				COMBINE_HIDPI_IMAGES = YES;
				INFOPLIST_FILE = swisptests/Info.plist;
				LD_RUNPATH_SEARCH_PATHS = "$(inherited) @executable_path/../Frameworks @loader_path/../Frameworks";
				PRODUCT_BUNDLE_IDENTIFIER = com.Brad.swisptests;
				PRODUCT_NAME = "$(TARGET_NAME)";
			};
			name = Debug;
		};
		972DA0F61C7304570067F255 /* Release */ = {
			isa = XCBuildConfiguration;
			buildSettings = {
				COMBINE_HIDPI_IMAGES = YES;
				INFOPLIST_FILE = swisptests/Info.plist;
				LD_RUNPATH_SEARCH_PATHS = "$(inherited) @executable_path/../Frameworks @loader_path/../Frameworks";
				PRODUCT_BUNDLE_IDENTIFIER = com.Brad.swisptests;
				PRODUCT_NAME = "$(TARGET_NAME)";
			};
			name = Release;
		};
/* End XCBuildConfiguration section */

/* Begin XCConfigurationList section */
		972DA0DC1C73037B0067F255 /* Build configuration list for PBXProject "swisp" */ = {
			isa = XCConfigurationList;
			buildConfigurations = (
				972DA0E61C73037B0067F255 /* Debug */,
				972DA0E71C73037B0067F255 /* Release */,
			);
			defaultConfigurationIsVisible = 0;
			defaultConfigurationName = Release;
		};
		972DA0E81C73037B0067F255 /* Build configuration list for PBXNativeTarget "swisp" */ = {
			isa = XCConfigurationList;
			buildConfigurations = (
				972DA0E91C73037B0067F255 /* Debug */,
				972DA0EA1C73037B0067F255 /* Release */,
			);
			defaultConfigurationIsVisible = 0;
			defaultConfigurationName = Release;
		};
		972DA0F41C7304570067F255 /* Build configuration list for PBXNativeTarget "swisptests" */ = {
			isa = XCConfigurationList;
			buildConfigurations = (
				972DA0F51C7304570067F255 /* Debug */,
				972DA0F61C7304570067F255 /* Release */,
			);
			defaultConfigurationIsVisible = 0;
			defaultConfigurationName = Release;
		};
/* End XCConfigurationList section */
	};
	rootObject = 972DA0D91C73037B0067F255 /* Project object */;
}
